
Microsoft Visual Studio Solution File, Format Version 12.00
# Visual Studio Version 17
VisualStudioVersion = 17.9.34728.123
MinimumVisualStudioVersion = 10.0.40219.1
Project("{9A19103F-16F7-4668-BE54-9A1E7A4F7556}") = "TeaPot3D_WPF", "TeaPot3D_WPF.csproj", "{31BBA58C-3815-44B2-94F1-06E9483F18EB}"
EndProject
Project("{FAE04EC0-301F-11D3-BF4B-00C04F79EFBC}") = "TeaPot3D_Algorithms", "..\TeaPot3D_Algorithms\TeaPot3D_Algorithms.csproj", "{185EA3C1-269F-4252-AA30-90578C4221A3}"
EndProject
Global
	GlobalSection(SolutionConfigurationPlatforms) = preSolution
		Debug|Any CPU = Debug|Any CPU
		Release|Any CPU = Release|Any CPU
	EndGlobalSection
	GlobalSection(ProjectConfigurationPlatforms) = postSolution
		{31BBA58C-3815-44B2-94F1-06E9483F18EB}.Debug|Any CPU.ActiveCfg = Debug|Any CPU
		{31BBA58C-3815-44B2-94F1-06E9483F18EB}.Debug|Any CPU.Build.0 = Debug|Any CPU
		{31BBA58C-3815-44B2-94F1-06E9483F18EB}.Release|Any CPU.ActiveCfg = Release|Any CPU
		{31BBA58C-3815-44B2-94F1-06E9483F18EB}.Release|Any CPU.Build.0 = Release|Any CPU
		{185EA3C1-269F-4252-AA30-90578C4221A3}.Debug|Any CPU.ActiveCfg = Debug|Any CPU
		{185EA3C1-269F-4252-AA30-90578C4221A3}.Debug|Any CPU.Build.0 = Debug|Any CPU
		{185EA3C1-269F-4252-AA30-90578C4221A3}.Release|Any CPU.ActiveCfg = Release|Any CPU
		{185EA3C1-269F-4252-AA30-90578C4221A3}.Release|Any CPU.Build.0 = Release|Any CPU
	EndGlobalSection
	GlobalSection(SolutionProperties) = preSolution
		HideSolutionNode = FALSE
	EndGlobalSection
	GlobalSection(ExtensibilityGlobals) = postSolution
		SolutionGuid = {18E12F15-B8A2-4091-AC44-A6823167DE59}
	EndGlobalSection
EndGlobal
